
Microsoft Visual Studio Solution File, Format Version 12.00
# Visual Studio Version 17
VisualStudioVersion = 17.0.31903.59
MinimumVisualStudioVersion = 10.0.40219.1
Project("{2150E333-8FDC-42A3-9474-1A3956D46DE8}") = "src", "src", "{0F30B17D-93A5-4E4A-A495-019ADAB393A0}"
EndProject
Project("{FAE04EC0-301F-11D3-BF4B-00C04F79EFBC}") = "CassandraDB", "src\CassandraDB\CassandraDB.csproj", "{DB81152A-E742-4420-98C9-02A3329C1CFF}"
EndProject
Project("{FAE04EC0-301F-11D3-BF4B-00C04F79EFBC}") = "Database", "src\Database\Database.csproj", "{B915A215-0941-4651-A099-9D0283D3EFAC}"
EndProject
Project("{FAE04EC0-301F-11D3-BF4B-00C04F79EFBC}") = "RedisCache", "src\RedisCache\RedisCache.csproj", "{B59229D7-177E-4FDA-93C2-71CAA4FD8017}"
EndProject
Project("{FAE04EC0-301F-11D3-BF4B-00C04F79EFBC}") = "RedisRateLimiter", "src\RedisRateLimiter\RedisRateLimiter.csproj", "{2D305DE7-43CE-4D20-B583-B9BCAAAE9545}"
EndProject
Project("{FAE04EC0-301F-11D3-BF4B-00C04F79EFBC}") = "GenericConnectionPooling", "src\GenericConnectionPooling\GenericConnectionPooling.csproj", "{43154081-6018-4E7E-A9AA-FC6A72147280}"
EndProject
Project("{FAE04EC0-301F-11D3-BF4B-00C04F79EFBC}") = "GrpcUtils", "src\GrpcUtils\GrpcUtils.csproj", "{355833FE-0BC5-485B-92D7-B4BC89E2CF3E}"
EndProject
Project("{FAE04EC0-301F-11D3-BF4B-00C04F79EFBC}") = "RabbitMqManager", "src\RabbitMqManager\RabbitMqManager.csproj", "{280A6B73-BD1A-4F6E-8216-7F67954D5FA5}"
EndProject
Project("{FAE04EC0-301F-11D3-BF4B-00C04F79EFBC}") = "Utils", "src\Utils\Utils.csproj", "{5A5201F6-20E6-4F39-99E3-0C5890809507}"
EndProject
Global
	GlobalSection(SolutionConfigurationPlatforms) = preSolution
		Debug|Any CPU = Debug|Any CPU
		Release|Any CPU = Release|Any CPU
	EndGlobalSection
	GlobalSection(SolutionProperties) = preSolution
		HideSolutionNode = FALSE
	EndGlobalSection
	GlobalSection(ProjectConfigurationPlatforms) = postSolution
		{DB81152A-E742-4420-98C9-02A3329C1CFF}.Debug|Any CPU.ActiveCfg = Debug|Any CPU
		{DB81152A-E742-4420-98C9-02A3329C1CFF}.Debug|Any CPU.Build.0 = Debug|Any CPU
		{DB81152A-E742-4420-98C9-02A3329C1CFF}.Release|Any CPU.ActiveCfg = Release|Any CPU
		{DB81152A-E742-4420-98C9-02A3329C1CFF}.Release|Any CPU.Build.0 = Release|Any CPU
		{B915A215-0941-4651-A099-9D0283D3EFAC}.Debug|Any CPU.ActiveCfg = Debug|Any CPU
		{B915A215-0941-4651-A099-9D0283D3EFAC}.Debug|Any CPU.Build.0 = Debug|Any CPU
		{B915A215-0941-4651-A099-9D0283D3EFAC}.Release|Any CPU.ActiveCfg = Release|Any CPU
		{B915A215-0941-4651-A099-9D0283D3EFAC}.Release|Any CPU.Build.0 = Release|Any CPU
		{B59229D7-177E-4FDA-93C2-71CAA4FD8017}.Debug|Any CPU.ActiveCfg = Debug|Any CPU
		{B59229D7-177E-4FDA-93C2-71CAA4FD8017}.Debug|Any CPU.Build.0 = Debug|Any CPU
		{B59229D7-177E-4FDA-93C2-71CAA4FD8017}.Release|Any CPU.ActiveCfg = Release|Any CPU
		{B59229D7-177E-4FDA-93C2-71CAA4FD8017}.Release|Any CPU.Build.0 = Release|Any CPU
		{2D305DE7-43CE-4D20-B583-B9BCAAAE9545}.Debug|Any CPU.ActiveCfg = Debug|Any CPU
		{2D305DE7-43CE-4D20-B583-B9BCAAAE9545}.Debug|Any CPU.Build.0 = Debug|Any CPU
		{2D305DE7-43CE-4D20-B583-B9BCAAAE9545}.Release|Any CPU.ActiveCfg = Release|Any CPU
		{2D305DE7-43CE-4D20-B583-B9BCAAAE9545}.Release|Any CPU.Build.0 = Release|Any CPU
		{43154081-6018-4E7E-A9AA-FC6A72147280}.Debug|Any CPU.ActiveCfg = Debug|Any CPU
		{43154081-6018-4E7E-A9AA-FC6A72147280}.Debug|Any CPU.Build.0 = Debug|Any CPU
		{43154081-6018-4E7E-A9AA-FC6A72147280}.Release|Any CPU.ActiveCfg = Release|Any CPU
		{43154081-6018-4E7E-A9AA-FC6A72147280}.Release|Any CPU.Build.0 = Release|Any CPU
		{355833FE-0BC5-485B-92D7-B4BC89E2CF3E}.Debug|Any CPU.ActiveCfg = Debug|Any CPU
		{355833FE-0BC5-485B-92D7-B4BC89E2CF3E}.Debug|Any CPU.Build.0 = Debug|Any CPU
		{355833FE-0BC5-485B-92D7-B4BC89E2CF3E}.Release|Any CPU.ActiveCfg = Release|Any CPU
		{355833FE-0BC5-485B-92D7-B4BC89E2CF3E}.Release|Any CPU.Build.0 = Release|Any CPU
		{280A6B73-BD1A-4F6E-8216-7F67954D5FA5}.Debug|Any CPU.ActiveCfg = Debug|Any CPU
		{280A6B73-BD1A-4F6E-8216-7F67954D5FA5}.Debug|Any CPU.Build.0 = Debug|Any CPU
		{280A6B73-BD1A-4F6E-8216-7F67954D5FA5}.Release|Any CPU.ActiveCfg = Release|Any CPU
		{280A6B73-BD1A-4F6E-8216-7F67954D5FA5}.Release|Any CPU.Build.0 = Release|Any CPU
		{5A5201F6-20E6-4F39-99E3-0C5890809507}.Debug|Any CPU.ActiveCfg = Debug|Any CPU
		{5A5201F6-20E6-4F39-99E3-0C5890809507}.Debug|Any CPU.Build.0 = Debug|Any CPU
		{5A5201F6-20E6-4F39-99E3-0C5890809507}.Release|Any CPU.ActiveCfg = Release|Any CPU
		{5A5201F6-20E6-4F39-99E3-0C5890809507}.Release|Any CPU.Build.0 = Release|Any CPU
	EndGlobalSection
	GlobalSection(NestedProjects) = preSolution
		{DB81152A-E742-4420-98C9-02A3329C1CFF} = {0F30B17D-93A5-4E4A-A495-019ADAB393A0}
		{B915A215-0941-4651-A099-9D0283D3EFAC} = {0F30B17D-93A5-4E4A-A495-019ADAB393A0}
		{B59229D7-177E-4FDA-93C2-71CAA4FD8017} = {0F30B17D-93A5-4E4A-A495-019ADAB393A0}
		{2D305DE7-43CE-4D20-B583-B9BCAAAE9545} = {0F30B17D-93A5-4E4A-A495-019ADAB393A0}
		{43154081-6018-4E7E-A9AA-FC6A72147280} = {0F30B17D-93A5-4E4A-A495-019ADAB393A0}
		{355833FE-0BC5-485B-92D7-B4BC89E2CF3E} = {0F30B17D-93A5-4E4A-A495-019ADAB393A0}
		{280A6B73-BD1A-4F6E-8216-7F67954D5FA5} = {0F30B17D-93A5-4E4A-A495-019ADAB393A0}
		{5A5201F6-20E6-4F39-99E3-0C5890809507} = {0F30B17D-93A5-4E4A-A495-019ADAB393A0}
	EndGlobalSection
EndGlobal
